{
  "requires": true,
  "lockfileVersion": 1,
  "dependencies": {
    "sweetalert2": {
      "version": "9.3.5",
      "resolved": "https://registry.npmjs.org/sweetalert2/-/sweetalert2-9.3.5.tgz",
      "integrity": "sha512-AlITkIVaNVu0T9MJmCTyTpCTmozpe+bZG9qTPBHpReoHluA2qyaWDoIvAZLj4NIKsAyH63gno1OLIRynYDS9sA=="
    },
    "validate.js": {
      "version": "0.13.1",
      "resolved": "https://registry.npmjs.org/validate.js/-/validate.js-0.13.1.tgz",
      "integrity": "sha512-PnFM3xiZ+kYmLyTiMgTYmU7ZHkjBZz2/+F0DaALc/uUtVzdCt1wAosvYJ5hFQi/hz8O4zb52FQhHZRC+uVkJ+g=="
    }
  }
}
